
Microsoft Visual Studio Solution File, Format Version 12.00
# Visual Studio Version 16
VisualStudioVersion = 16.0.35425.106
MinimumVisualStudioVersion = 10.0.40219.1
Project("{FAE04EC0-301F-11D3-BF4B-00C04F79EFBC}") = "degisken_int", "degisken_int.csproj", "{F121019D-3B1C-43C5-90AB-D2FDB6873849}"
EndProject
Global
	GlobalSection(SolutionConfigurationPlatforms) = preSolution
		Debug|Any CPU = Debug|Any CPU
		Release|Any CPU = Release|Any CPU
	EndGlobalSection
	GlobalSection(ProjectConfigurationPlatforms) = postSolution
		{F121019D-3B1C-43C5-90AB-D2FDB6873849}.Debug|Any CPU.ActiveCfg = Debug|Any CPU
		{F121019D-3B1C-43C5-90AB-D2FDB6873849}.Debug|Any CPU.Build.0 = Debug|Any CPU
		{F121019D-3B1C-43C5-90AB-D2FDB6873849}.Release|Any CPU.ActiveCfg = Release|Any CPU
		{F121019D-3B1C-43C5-90AB-D2FDB6873849}.Release|Any CPU.Build.0 = Release|Any CPU
	EndGlobalSection
	GlobalSection(SolutionProperties) = preSolution
		HideSolutionNode = FALSE
	EndGlobalSection
	GlobalSection(ExtensibilityGlobals) = postSolution
		SolutionGuid = {A24202A2-8169-4C3E-BDCA-BAD4259EE723}
	EndGlobalSection
EndGlobal
